
Microsoft Visual Studio Solution File, Format Version 12.00
# Visual Studio Version 16
VisualStudioVersion = 16.0.30413.136
MinimumVisualStudioVersion = 10.0.40219.1
Project("{9A19103F-16F7-4668-BE54-9A1E7A4F7556}") = "eShopSolution.WebApp", "eShopSolution.WebApp\eShopSolution.WebApp.csproj", "{54E2E83F-FE58-41B5-83FA-B44105F99EAE}"
EndProject
Project("{2150E333-8FDC-42A3-9474-1A3956D46DE8}") = "Solution items", "Solution items", "{1ED0F442-3532-427E-A8F1-03A37DA6EEAF}"
	ProjectSection(SolutionItems) = preProject
		README.md = README.md
	EndProjectSection
EndProject
Project("{FAE04EC0-301F-11D3-BF4B-00C04F79EFBC}") = "eShopSolution.Data", "eShopSolution.Data\eShopSolution.Data.csproj", "{2F21308B-F189-4B44-B3A8-E4F5BEBF78E4}"
EndProject
Project("{FAE04EC0-301F-11D3-BF4B-00C04F79EFBC}") = "eShopSolution.Application", "eShopSolution.Application\eShopSolution.Application.csproj", "{F7C08A4F-B845-44CE-8088-E771A015FAD7}"
EndProject
Global
	GlobalSection(SolutionConfigurationPlatforms) = preSolution
		Debug|Any CPU = Debug|Any CPU
		Release|Any CPU = Release|Any CPU
	EndGlobalSection
	GlobalSection(ProjectConfigurationPlatforms) = postSolution
		{54E2E83F-FE58-41B5-83FA-B44105F99EAE}.Debug|Any CPU.ActiveCfg = Debug|Any CPU
		{54E2E83F-FE58-41B5-83FA-B44105F99EAE}.Debug|Any CPU.Build.0 = Debug|Any CPU
		{54E2E83F-FE58-41B5-83FA-B44105F99EAE}.Release|Any CPU.ActiveCfg = Release|Any CPU
		{54E2E83F-FE58-41B5-83FA-B44105F99EAE}.Release|Any CPU.Build.0 = Release|Any CPU
		{2F21308B-F189-4B44-B3A8-E4F5BEBF78E4}.Debug|Any CPU.ActiveCfg = Debug|Any CPU
		{2F21308B-F189-4B44-B3A8-E4F5BEBF78E4}.Debug|Any CPU.Build.0 = Debug|Any CPU
		{2F21308B-F189-4B44-B3A8-E4F5BEBF78E4}.Release|Any CPU.ActiveCfg = Release|Any CPU
		{2F21308B-F189-4B44-B3A8-E4F5BEBF78E4}.Release|Any CPU.Build.0 = Release|Any CPU
		{F7C08A4F-B845-44CE-8088-E771A015FAD7}.Debug|Any CPU.ActiveCfg = Debug|Any CPU
		{F7C08A4F-B845-44CE-8088-E771A015FAD7}.Debug|Any CPU.Build.0 = Debug|Any CPU
		{F7C08A4F-B845-44CE-8088-E771A015FAD7}.Release|Any CPU.ActiveCfg = Release|Any CPU
		{F7C08A4F-B845-44CE-8088-E771A015FAD7}.Release|Any CPU.Build.0 = Release|Any CPU
	EndGlobalSection
	GlobalSection(SolutionProperties) = preSolution
		HideSolutionNode = FALSE
	EndGlobalSection
	GlobalSection(ExtensibilityGlobals) = postSolution
		SolutionGuid = {FEE07AEF-169C-4367-B540-9C736421CD63}
	EndGlobalSection
EndGlobal
