
Microsoft Visual Studio Solution File, Format Version 12.00
# Visual Studio Version 16
VisualStudioVersion = 16.0.30413.136
MinimumVisualStudioVersion = 10.0.40219.1
Project("{FAE04EC0-301F-11D3-BF4B-00C04F79EFBC}") = "eShopSolution.WebApp", "eShopSolution.WebApp\eShopSolution.WebApp.csproj", "{54E2E83F-FE58-41B5-83FA-B44105F99EAE}"
EndProject
Global
	GlobalSection(SolutionConfigurationPlatforms) = preSolution
		Debug|Any CPU = Debug|Any CPU
		Release|Any CPU = Release|Any CPU
	EndGlobalSection
	GlobalSection(ProjectConfigurationPlatforms) = postSolution
		{54E2E83F-FE58-41B5-83FA-B44105F99EAE}.Debug|Any CPU.ActiveCfg = Debug|Any CPU
		{54E2E83F-FE58-41B5-83FA-B44105F99EAE}.Debug|Any CPU.Build.0 = Debug|Any CPU
		{54E2E83F-FE58-41B5-83FA-B44105F99EAE}.Release|Any CPU.ActiveCfg = Release|Any CPU
		{54E2E83F-FE58-41B5-83FA-B44105F99EAE}.Release|Any CPU.Build.0 = Release|Any CPU
	EndGlobalSection
	GlobalSection(SolutionProperties) = preSolution
		HideSolutionNode = FALSE
	EndGlobalSection
	GlobalSection(ExtensibilityGlobals) = postSolution
		SolutionGuid = {FEE07AEF-169C-4367-B540-9C736421CD63}
	EndGlobalSection
EndGlobal
